
Microsoft Visual Studio Solution File, Format Version 12.00
# Visual Studio Version 17
VisualStudioVersion = 17.11.35327.3
MinimumVisualStudioVersion = 10.0.40219.1
Project("{FAE04EC0-301F-11D3-BF4B-00C04F79EFBC}") = "EjercicioInterfaces", "EjercicioInterfaces\EjercicioInterfaces.csproj", "{C78C916A-C900-4BB3-B8A3-09625C53C36B}"
EndProject
Global
	GlobalSection(SolutionConfigurationPlatforms) = preSolution
		Debug|Any CPU = Debug|Any CPU
		Release|Any CPU = Release|Any CPU
	EndGlobalSection
	GlobalSection(ProjectConfigurationPlatforms) = postSolution
		{C78C916A-C900-4BB3-B8A3-09625C53C36B}.Debug|Any CPU.ActiveCfg = Debug|Any CPU
		{C78C916A-C900-4BB3-B8A3-09625C53C36B}.Debug|Any CPU.Build.0 = Debug|Any CPU
		{C78C916A-C900-4BB3-B8A3-09625C53C36B}.Release|Any CPU.ActiveCfg = Release|Any CPU
		{C78C916A-C900-4BB3-B8A3-09625C53C36B}.Release|Any CPU.Build.0 = Release|Any CPU
	EndGlobalSection
	GlobalSection(SolutionProperties) = preSolution
		HideSolutionNode = FALSE
	EndGlobalSection
	GlobalSection(ExtensibilityGlobals) = postSolution
		SolutionGuid = {3498DDAA-94B1-45EE-A60D-CF86CB1825D2}
	EndGlobalSection
EndGlobal
